// !$*UTF8*$!
{
	archiveVersion = 1;
	classes = {
	};
	objectVersion = 56;
	objects = {

/* Begin PBXBuildFile section */
		2EEB88822BD93DF50098E56B /* ListViewController.swift in Sources */ = {isa = PBXBuildFile; fileRef = 2EEB88812BD93DF50098E56B /* ListViewController.swift */; };
		2EEB88842BD959560098E56B /* NetworkService.swift in Sources */ = {isa = PBXBuildFile; fileRef = 2EEB88832BD959560098E56B /* NetworkService.swift */; };
		2EF030FE2BD7F60000F597AA /* AppDelegate.swift in Sources */ = {isa = PBXBuildFile; fileRef = 2EF030FD2BD7F60000F597AA /* AppDelegate.swift */; };
		2EF031002BD7F60000F597AA /* SceneDelegate.swift in Sources */ = {isa = PBXBuildFile; fileRef = 2EF030FF2BD7F60000F597AA /* SceneDelegate.swift */; };
		2EF031022BD7F60000F597AA /* HomeViewController.swift in Sources */ = {isa = PBXBuildFile; fileRef = 2EF031012BD7F60000F597AA /* HomeViewController.swift */; };
		2EF031072BD7F60200F597AA /* Assets.xcassets in Resources */ = {isa = PBXBuildFile; fileRef = 2EF031062BD7F60200F597AA /* Assets.xcassets */; };
		2EF0310A2BD7F60200F597AA /* Base in Resources */ = {isa = PBXBuildFile; fileRef = 2EF031092BD7F60200F597AA /* Base */; };
		2EF031152BD7F60300F597AA /* DesafioPremierSoftTests.swift in Sources */ = {isa = PBXBuildFile; fileRef = 2EF031142BD7F60300F597AA /* DesafioPremierSoftTests.swift */; };
		2EF0311F2BD7F60300F597AA /* DesafioPremierSoftUITests.swift in Sources */ = {isa = PBXBuildFile; fileRef = 2EF0311E2BD7F60300F597AA /* DesafioPremierSoftUITests.swift */; };
		2EF031212BD7F60300F597AA /* DesafioPremierSoftUITestsLaunchTests.swift in Sources */ = {isa = PBXBuildFile; fileRef = 2EF031202BD7F60300F597AA /* DesafioPremierSoftUITestsLaunchTests.swift */; };
		2EF031312BD8160C00F597AA /* HomeViewModel.swift in Sources */ = {isa = PBXBuildFile; fileRef = 2EF031302BD8160C00F597AA /* HomeViewModel.swift */; };
		2EF031332BD8161B00F597AA /* HomeModel.swift in Sources */ = {isa = PBXBuildFile; fileRef = 2EF031322BD8161B00F597AA /* HomeModel.swift */; };
		2EF031362BD8168100F597AA /* CandidateCell.swift in Sources */ = {isa = PBXBuildFile; fileRef = 2EF031352BD8168100F597AA /* CandidateCell.swift */; };
/* End PBXBuildFile section */

/* Begin PBXContainerItemProxy section */
		2EF031112BD7F60300F597AA /* PBXContainerItemProxy */ = {
			isa = PBXContainerItemProxy;
			containerPortal = 2EF030F22BD7F60000F597AA /* Project object */;
			proxyType = 1;
			remoteGlobalIDString = 2EF030F92BD7F60000F597AA;
			remoteInfo = DesafioPremierSoft;
		};
		2EF0311B2BD7F60300F597AA /* PBXContainerItemProxy */ = {
			isa = PBXContainerItemProxy;
			containerPortal = 2EF030F22BD7F60000F597AA /* Project object */;
			proxyType = 1;
			remoteGlobalIDString = 2EF030F92BD7F60000F597AA;
			remoteInfo = DesafioPremierSoft;
		};
/* End PBXContainerItemProxy section */

/* Begin PBXFileReference section */
		2EEB88812BD93DF50098E56B /* ListViewController.swift */ = {isa = PBXFileReference; lastKnownFileType = sourcecode.swift; path = ListViewController.swift; sourceTree = "<group>"; };
		2EEB88832BD959560098E56B /* NetworkService.swift */ = {isa = PBXFileReference; lastKnownFileType = sourcecode.swift; path = NetworkService.swift; sourceTree = "<group>"; };
		2EF030FA2BD7F60000F597AA /* DesafioPremierSoft.app */ = {isa = PBXFileReference; explicitFileType = wrapper.application; includeInIndex = 0; path = DesafioPremierSoft.app; sourceTree = BUILT_PRODUCTS_DIR; };
		2EF030FD2BD7F60000F597AA /* AppDelegate.swift */ = {isa = PBXFileReference; lastKnownFileType = sourcecode.swift; path = AppDelegate.swift; sourceTree = "<group>"; };
		2EF030FF2BD7F60000F597AA /* SceneDelegate.swift */ = {isa = PBXFileReference; lastKnownFileType = sourcecode.swift; path = SceneDelegate.swift; sourceTree = "<group>"; };
		2EF031012BD7F60000F597AA /* HomeViewController.swift */ = {isa = PBXFileReference; lastKnownFileType = sourcecode.swift; path = HomeViewController.swift; sourceTree = "<group>"; };
		2EF031062BD7F60200F597AA /* Assets.xcassets */ = {isa = PBXFileReference; lastKnownFileType = folder.assetcatalog; path = Assets.xcassets; sourceTree = "<group>"; };
		2EF031092BD7F60200F597AA /* Base */ = {isa = PBXFileReference; lastKnownFileType = file.storyboard; name = Base; path = Base.lproj/LaunchScreen.storyboard; sourceTree = "<group>"; };
		2EF0310B2BD7F60200F597AA /* Info.plist */ = {isa = PBXFileReference; lastKnownFileType = text.plist.xml; path = Info.plist; sourceTree = "<group>"; };
		2EF031102BD7F60300F597AA /* DesafioPremierSoftTests.xctest */ = {isa = PBXFileReference; explicitFileType = wrapper.cfbundle; includeInIndex = 0; path = DesafioPremierSoftTests.xctest; sourceTree = BUILT_PRODUCTS_DIR; };
		2EF031142BD7F60300F597AA /* DesafioPremierSoftTests.swift */ = {isa = PBXFileReference; lastKnownFileType = sourcecode.swift; path = DesafioPremierSoftTests.swift; sourceTree = "<group>"; };
		2EF0311A2BD7F60300F597AA /* DesafioPremierSoftUITests.xctest */ = {isa = PBXFileReference; explicitFileType = wrapper.cfbundle; includeInIndex = 0; path = DesafioPremierSoftUITests.xctest; sourceTree = BUILT_PRODUCTS_DIR; };
		2EF0311E2BD7F60300F597AA /* DesafioPremierSoftUITests.swift */ = {isa = PBXFileReference; lastKnownFileType = sourcecode.swift; path = DesafioPremierSoftUITests.swift; sourceTree = "<group>"; };
		2EF031202BD7F60300F597AA /* DesafioPremierSoftUITestsLaunchTests.swift */ = {isa = PBXFileReference; lastKnownFileType = sourcecode.swift; path = DesafioPremierSoftUITestsLaunchTests.swift; sourceTree = "<group>"; };
		2EF031302BD8160C00F597AA /* HomeViewModel.swift */ = {isa = PBXFileReference; lastKnownFileType = sourcecode.swift; path = HomeViewModel.swift; sourceTree = "<group>"; };
		2EF031322BD8161B00F597AA /* HomeModel.swift */ = {isa = PBXFileReference; lastKnownFileType = sourcecode.swift; path = HomeModel.swift; sourceTree = "<group>"; };
		2EF031352BD8168100F597AA /* CandidateCell.swift */ = {isa = PBXFileReference; lastKnownFileType = sourcecode.swift; path = CandidateCell.swift; sourceTree = "<group>"; };
/* End PBXFileReference section */

/* Begin PBXFrameworksBuildPhase section */
		2EF030F72BD7F60000F597AA /* Frameworks */ = {
			isa = PBXFrameworksBuildPhase;
			buildActionMask = 2147483647;
			files = (
			);
			runOnlyForDeploymentPostprocessing = 0;
		};
		2EF0310D2BD7F60300F597AA /* Frameworks */ = {
			isa = PBXFrameworksBuildPhase;
			buildActionMask = 2147483647;
			files = (
			);
			runOnlyForDeploymentPostprocessing = 0;
		};
		2EF031172BD7F60300F597AA /* Frameworks */ = {
			isa = PBXFrameworksBuildPhase;
			buildActionMask = 2147483647;
			files = (
			);
			runOnlyForDeploymentPostprocessing = 0;
		};
/* End PBXFrameworksBuildPhase section */

/* Begin PBXGroup section */
		2EF030F12BD7F60000F597AA = {
			isa = PBXGroup;
			children = (
				2EF030FC2BD7F60000F597AA /* DesafioPremierSoft */,
				2EF031132BD7F60300F597AA /* DesafioPremierSoftTests */,
				2EF0311D2BD7F60300F597AA /* DesafioPremierSoftUITests */,
				2EF030FB2BD7F60000F597AA /* Products */,
			);
			sourceTree = "<group>";
		};
		2EF030FB2BD7F60000F597AA /* Products */ = {
			isa = PBXGroup;
			children = (
				2EF030FA2BD7F60000F597AA /* DesafioPremierSoft.app */,
				2EF031102BD7F60300F597AA /* DesafioPremierSoftTests.xctest */,
				2EF0311A2BD7F60300F597AA /* DesafioPremierSoftUITests.xctest */,
			);
			name = Products;
			sourceTree = "<group>";
		};
		2EF030FC2BD7F60000F597AA /* DesafioPremierSoft */ = {
			isa = PBXGroup;
			children = (
				2EF0312F2BD7F92B00F597AA /* Scenes */,
				2EF0312E2BD7F8BC00F597AA /* Sources */,
				2EF0312D2BD7F80500F597AA /* Resources */,
			);
			path = DesafioPremierSoft;
			sourceTree = "<group>";
		};
		2EF031132BD7F60300F597AA /* DesafioPremierSoftTests */ = {
			isa = PBXGroup;
			children = (
				2EF031142BD7F60300F597AA /* DesafioPremierSoftTests.swift */,
			);
			path = DesafioPremierSoftTests;
			sourceTree = "<group>";
		};
		2EF0311D2BD7F60300F597AA /* DesafioPremierSoftUITests */ = {
			isa = PBXGroup;
			children = (
				2EF0311E2BD7F60300F597AA /* DesafioPremierSoftUITests.swift */,
				2EF031202BD7F60300F597AA /* DesafioPremierSoftUITestsLaunchTests.swift */,
			);
			path = DesafioPremierSoftUITests;
			sourceTree = "<group>";
		};
		2EF0312D2BD7F80500F597AA /* Resources */ = {
			isa = PBXGroup;
			children = (
				2EF031062BD7F60200F597AA /* Assets.xcassets */,
				2EF031082BD7F60200F597AA /* LaunchScreen.storyboard */,
				2EF0310B2BD7F60200F597AA /* Info.plist */,
			);
			path = Resources;
			sourceTree = "<group>";
		};
		2EF0312E2BD7F8BC00F597AA /* Sources */ = {
			isa = PBXGroup;
			children = (
				2EF030FD2BD7F60000F597AA /* AppDelegate.swift */,
				2EF030FF2BD7F60000F597AA /* SceneDelegate.swift */,
			);
			path = Sources;
			sourceTree = "<group>";
		};
		2EF0312F2BD7F92B00F597AA /* Scenes */ = {
			isa = PBXGroup;
			children = (
				2EF031342BD8162100F597AA /* Cell */,
				2EF031012BD7F60000F597AA /* HomeViewController.swift */,
				2EF031302BD8160C00F597AA /* HomeViewModel.swift */,
				2EF031322BD8161B00F597AA /* HomeModel.swift */,
				2EEB88812BD93DF50098E56B /* ListViewController.swift */,
				2EEB88832BD959560098E56B /* NetworkService.swift */,
			);
			path = Scenes;
			sourceTree = "<group>";
		};
		2EF031342BD8162100F597AA /* Cell */ = {
			isa = PBXGroup;
			children = (
				2EF031352BD8168100F597AA /* CandidateCell.swift */,
			);
			path = Cell;
			sourceTree = "<group>";
		};
/* End PBXGroup section */

/* Begin PBXNativeTarget section */
		2EF030F92BD7F60000F597AA /* DesafioPremierSoft */ = {
			isa = PBXNativeTarget;
			buildConfigurationList = 2EF031242BD7F60300F597AA /* Build configuration list for PBXNativeTarget "DesafioPremierSoft" */;
			buildPhases = (
				2EF030F62BD7F60000F597AA /* Sources */,
				2EF030F72BD7F60000F597AA /* Frameworks */,
				2EF030F82BD7F60000F597AA /* Resources */,
			);
			buildRules = (
			);
			dependencies = (
			);
			name = DesafioPremierSoft;
			productName = DesafioPremierSoft;
			productReference = 2EF030FA2BD7F60000F597AA /* DesafioPremierSoft.app */;
			productType = "com.apple.product-type.application";
		};
		2EF0310F2BD7F60300F597AA /* DesafioPremierSoftTests */ = {
			isa = PBXNativeTarget;
			buildConfigurationList = 2EF031272BD7F60300F597AA /* Build configuration list for PBXNativeTarget "DesafioPremierSoftTests" */;
			buildPhases = (
				2EF0310C2BD7F60300F597AA /* Sources */,
				2EF0310D2BD7F60300F597AA /* Frameworks */,
				2EF0310E2BD7F60300F597AA /* Resources */,
			);
			buildRules = (
			);
			dependencies = (
				2EF031122BD7F60300F597AA /* PBXTargetDependency */,
			);
			name = DesafioPremierSoftTests;
			productName = DesafioPremierSoftTests;
			productReference = 2EF031102BD7F60300F597AA /* DesafioPremierSoftTests.xctest */;
			productType = "com.apple.product-type.bundle.unit-test";
		};
		2EF031192BD7F60300F597AA /* DesafioPremierSoftUITests */ = {
			isa = PBXNativeTarget;
			buildConfigurationList = 2EF0312A2BD7F60300F597AA /* Build configuration list for PBXNativeTarget "DesafioPremierSoftUITests" */;
			buildPhases = (
				2EF031162BD7F60300F597AA /* Sources */,
				2EF031172BD7F60300F597AA /* Frameworks */,
				2EF031182BD7F60300F597AA /* Resources */,
			);
			buildRules = (
			);
			dependencies = (
				2EF0311C2BD7F60300F597AA /* PBXTargetDependency */,
			);
			name = DesafioPremierSoftUITests;
			productName = DesafioPremierSoftUITests;
			productReference = 2EF0311A2BD7F60300F597AA /* DesafioPremierSoftUITests.xctest */;
			productType = "com.apple.product-type.bundle.ui-testing";
		};
/* End PBXNativeTarget section */

/* Begin PBXProject section */
		2EF030F22BD7F60000F597AA /* Project object */ = {
			isa = PBXProject;
			attributes = {
				BuildIndependentTargetsInParallel = 1;
				LastSwiftUpdateCheck = 1530;
				LastUpgradeCheck = 1530;
				TargetAttributes = {
					2EF030F92BD7F60000F597AA = {
						CreatedOnToolsVersion = 15.3;
					};
					2EF0310F2BD7F60300F597AA = {
						CreatedOnToolsVersion = 15.3;
						TestTargetID = 2EF030F92BD7F60000F597AA;
					};
					2EF031192BD7F60300F597AA = {
						CreatedOnToolsVersion = 15.3;
						TestTargetID = 2EF030F92BD7F60000F597AA;
					};
				};
			};
			buildConfigurationList = 2EF030F52BD7F60000F597AA /* Build configuration list for PBXProject "DesafioPremierSoft" */;
			compatibilityVersion = "Xcode 14.0";
			developmentRegion = en;
			hasScannedForEncodings = 0;
			knownRegions = (
				en,
				Base,
			);
			mainGroup = 2EF030F12BD7F60000F597AA;
			productRefGroup = 2EF030FB2BD7F60000F597AA /* Products */;
			projectDirPath = "";
			projectRoot = "";
			targets = (
				2EF030F92BD7F60000F597AA /* DesafioPremierSoft */,
				2EF0310F2BD7F60300F597AA /* DesafioPremierSoftTests */,
				2EF031192BD7F60300F597AA /* DesafioPremierSoftUITests */,
			);
		};
/* End PBXProject section */

/* Begin PBXResourcesBuildPhase section */
		2EF030F82BD7F60000F597AA /* Resources */ = {
			isa = PBXResourcesBuildPhase;
			buildActionMask = 2147483647;
			files = (
				2EF031072BD7F60200F597AA /* Assets.xcassets in Resources */,
				2EF0310A2BD7F60200F597AA /* Base in Resources */,
			);
			runOnlyForDeploymentPostprocessing = 0;
		};
		2EF0310E2BD7F60300F597AA /* Resources */ = {
			isa = PBXResourcesBuildPhase;
			buildActionMask = 2147483647;
			files = (
			);
			runOnlyForDeploymentPostprocessing = 0;
		};
		2EF031182BD7F60300F597AA /* Resources */ = {
			isa = PBXResourcesBuildPhase;
			buildActionMask = 2147483647;
			files = (
			);
			runOnlyForDeploymentPostprocessing = 0;
		};
/* End PBXResourcesBuildPhase section */

/* Begin PBXSourcesBuildPhase section */
		2EF030F62BD7F60000F597AA /* Sources */ = {
			isa = PBXSourcesBuildPhase;
			buildActionMask = 2147483647;
			files = (
				2EF031332BD8161B00F597AA /* HomeModel.swift in Sources */,
				2EF031022BD7F60000F597AA /* HomeViewController.swift in Sources */,
				2EEB88842BD959560098E56B /* NetworkService.swift in Sources */,
				2EF030FE2BD7F60000F597AA /* AppDelegate.swift in Sources */,
				2EF031362BD8168100F597AA /* CandidateCell.swift in Sources */,
				2EF031312BD8160C00F597AA /* HomeViewModel.swift in Sources */,
				2EF031002BD7F60000F597AA /* SceneDelegate.swift in Sources */,
				2EEB88822BD93DF50098E56B /* ListViewController.swift in Sources */,
			);
			runOnlyForDeploymentPostprocessing = 0;
		};
		2EF0310C2BD7F60300F597AA /* Sources */ = {
			isa = PBXSourcesBuildPhase;
			buildActionMask = 2147483647;
			files = (
				2EF031152BD7F60300F597AA /* DesafioPremierSoftTests.swift in Sources */,
			);
			runOnlyForDeploymentPostprocessing = 0;
		};
		2EF031162BD7F60300F597AA /* Sources */ = {
			isa = PBXSourcesBuildPhase;
			buildActionMask = 2147483647;
			files = (
				2EF0311F2BD7F60300F597AA /* DesafioPremierSoftUITests.swift in Sources */,
				2EF031212BD7F60300F597AA /* DesafioPremierSoftUITestsLaunchTests.swift in Sources */,
			);
			runOnlyForDeploymentPostprocessing = 0;
		};
/* End PBXSourcesBuildPhase section */

/* Begin PBXTargetDependency section */
		2EF031122BD7F60300F597AA /* PBXTargetDependency */ = {
			isa = PBXTargetDependency;
			target = 2EF030F92BD7F60000F597AA /* DesafioPremierSoft */;
			targetProxy = 2EF031112BD7F60300F597AA /* PBXContainerItemProxy */;
		};
		2EF0311C2BD7F60300F597AA /* PBXTargetDependency */ = {
			isa = PBXTargetDependency;
			target = 2EF030F92BD7F60000F597AA /* DesafioPremierSoft */;
			targetProxy = 2EF0311B2BD7F60300F597AA /* PBXContainerItemProxy */;
		};
/* End PBXTargetDependency section */

/* Begin PBXVariantGroup section */
		2EF031082BD7F60200F597AA /* LaunchScreen.storyboard */ = {
			isa = PBXVariantGroup;
			children = (
				2EF031092BD7F60200F597AA /* Base */,
			);
			name = LaunchScreen.storyboard;
			sourceTree = "<group>";
		};
/* End PBXVariantGroup section */

/* Begin XCBuildConfiguration section */
		2EF031222BD7F60300F597AA /* Debug */ = {
			isa = XCBuildConfiguration;
			buildSettings = {
				ALWAYS_SEARCH_USER_PATHS = NO;
				ASSETCATALOG_COMPILER_GENERATE_SWIFT_ASSET_SYMBOL_EXTENSIONS = YES;
				CLANG_ANALYZER_NONNULL = YES;
				CLANG_ANALYZER_NUMBER_OBJECT_CONVERSION = YES_AGGRESSIVE;
				CLANG_CXX_LANGUAGE_STANDARD = "gnu++20";
				CLANG_ENABLE_MODULES = YES;
				CLANG_ENABLE_OBJC_ARC = YES;
				CLANG_ENABLE_OBJC_WEAK = YES;
				CLANG_WARN_BLOCK_CAPTURE_AUTORELEASING = YES;
				CLANG_WARN_BOOL_CONVERSION = YES;
				CLANG_WARN_COMMA = YES;
				CLANG_WARN_CONSTANT_CONVERSION = YES;
				CLANG_WARN_DEPRECATED_OBJC_IMPLEMENTATIONS = YES;
				CLANG_WARN_DIRECT_OBJC_ISA_USAGE = YES_ERROR;
				CLANG_WARN_DOCUMENTATION_COMMENTS = YES;
				CLANG_WARN_EMPTY_BODY = YES;
				CLANG_WARN_ENUM_CONVERSION = YES;
				CLANG_WARN_INFINITE_RECURSION = YES;
				CLANG_WARN_INT_CONVERSION = YES;
				CLANG_WARN_NON_LITERAL_NULL_CONVERSION = YES;
				CLANG_WARN_OBJC_IMPLICIT_RETAIN_SELF = YES;
				CLANG_WARN_OBJC_LITERAL_CONVERSION = YES;
				CLANG_WARN_OBJC_ROOT_CLASS = YES_ERROR;
				CLANG_WARN_QUOTED_INCLUDE_IN_FRAMEWORK_HEADER = YES;
				CLANG_WARN_RANGE_LOOP_ANALYSIS = YES;
				CLANG_WARN_STRICT_PROTOTYPES = YES;
				CLANG_WARN_SUSPICIOUS_MOVE = YES;
				CLANG_WARN_UNGUARDED_AVAILABILITY = YES_AGGRESSIVE;
				CLANG_WARN_UNREACHABLE_CODE = YES;
				CLANG_WARN__DUPLICATE_METHOD_MATCH = YES;
				COPY_PHASE_STRIP = NO;
				DEBUG_INFORMATION_FORMAT = dwarf;
				ENABLE_STRICT_OBJC_MSGSEND = YES;
				ENABLE_TESTABILITY = YES;
				ENABLE_USER_SCRIPT_SANDBOXING = YES;
				GCC_C_LANGUAGE_STANDARD = gnu17;
				GCC_DYNAMIC_NO_PIC = NO;
				GCC_NO_COMMON_BLOCKS = YES;
				GCC_OPTIMIZATION_LEVEL = 0;
				GCC_PREPROCESSOR_DEFINITIONS = (
					"DEBUG=1",
					"$(inherited)",
				);
				GCC_WARN_64_TO_32_BIT_CONVERSION = YES;
				GCC_WARN_ABOUT_RETURN_TYPE = YES_ERROR;
				GCC_WARN_UNDECLARED_SELECTOR = YES;
				GCC_WARN_UNINITIALIZED_AUTOS = YES_AGGRESSIVE;
				GCC_WARN_UNUSED_FUNCTION = YES;
				GCC_WARN_UNUSED_VARIABLE = YES;
				IPHONEOS_DEPLOYMENT_TARGET = 17.4;
				LOCALIZATION_PREFERS_STRING_CATALOGS = YES;
				MTL_ENABLE_DEBUG_INFO = INCLUDE_SOURCE;
				MTL_FAST_MATH = YES;
				ONLY_ACTIVE_ARCH = YES;
				SDKROOT = iphoneos;
				SWIFT_ACTIVE_COMPILATION_CONDITIONS = "DEBUG $(inherited)";
				SWIFT_OPTIMIZATION_LEVEL = "-Onone";
			};
			name = Debug;
		};
		2EF031232BD7F60300F597AA /* Release */ = {
			isa = XCBuildConfiguration;
			buildSettings = {
				ALWAYS_SEARCH_USER_PATHS = NO;
				ASSETCATALOG_COMPILER_GENERATE_SWIFT_ASSET_SYMBOL_EXTENSIONS = YES;
				CLANG_ANALYZER_NONNULL = YES;
				CLANG_ANALYZER_NUMBER_OBJECT_CONVERSION = YES_AGGRESSIVE;
				CLANG_CXX_LANGUAGE_STANDARD = "gnu++20";
				CLANG_ENABLE_MODULES = YES;
				CLANG_ENABLE_OBJC_ARC = YES;
				CLANG_ENABLE_OBJC_WEAK = YES;
				CLANG_WARN_BLOCK_CAPTURE_AUTORELEASING = YES;
				CLANG_WARN_BOOL_CONVERSION = YES;
				CLANG_WARN_COMMA = YES;
				CLANG_WARN_CONSTANT_CONVERSION = YES;
				CLANG_WARN_DEPRECATED_OBJC_IMPLEMENTATIONS = YES;
				CLANG_WARN_DIRECT_OBJC_ISA_USAGE = YES_ERROR;
				CLANG_WARN_DOCUMENTATION_COMMENTS = YES;
				CLANG_WARN_EMPTY_BODY = YES;
				CLANG_WARN_ENUM_CONVERSION = YES;
				CLANG_WARN_INFINITE_RECURSION = YES;
				CLANG_WARN_INT_CONVERSION = YES;
				CLANG_WARN_NON_LITERAL_NULL_CONVERSION = YES;
				CLANG_WARN_OBJC_IMPLICIT_RETAIN_SELF = YES;
				CLANG_WARN_OBJC_LITERAL_CONVERSION = YES;
				CLANG_WARN_OBJC_ROOT_CLASS = YES_ERROR;
				CLANG_WARN_QUOTED_INCLUDE_IN_FRAMEWORK_HEADER = YES;
				CLANG_WARN_RANGE_LOOP_ANALYSIS = YES;
				CLANG_WARN_STRICT_PROTOTYPES = YES;
				CLANG_WARN_SUSPICIOUS_MOVE = YES;
				CLANG_WARN_UNGUARDED_AVAILABILITY = YES_AGGRESSIVE;
				CLANG_WARN_UNREACHABLE_CODE = YES;
				CLANG_WARN__DUPLICATE_METHOD_MATCH = YES;
				COPY_PHASE_STRIP = NO;
				DEBUG_INFORMATION_FORMAT = "dwarf-with-dsym";
				ENABLE_NS_ASSERTIONS = NO;
				ENABLE_STRICT_OBJC_MSGSEND = YES;
				ENABLE_USER_SCRIPT_SANDBOXING = YES;
				GCC_C_LANGUAGE_STANDARD = gnu17;
				GCC_NO_COMMON_BLOCKS = YES;
				GCC_WARN_64_TO_32_BIT_CONVERSION = YES;
				GCC_WARN_ABOUT_RETURN_TYPE = YES_ERROR;
				GCC_WARN_UNDECLARED_SELECTOR = YES;
				GCC_WARN_UNINITIALIZED_AUTOS = YES_AGGRESSIVE;
				GCC_WARN_UNUSED_FUNCTION = YES;
				GCC_WARN_UNUSED_VARIABLE = YES;
				IPHONEOS_DEPLOYMENT_TARGET = 17.4;
				LOCALIZATION_PREFERS_STRING_CATALOGS = YES;
				MTL_ENABLE_DEBUG_INFO = NO;
				MTL_FAST_MATH = YES;
				SDKROOT = iphoneos;
				SWIFT_COMPILATION_MODE = wholemodule;
				VALIDATE_PRODUCT = YES;
			};
			name = Release;
		};
		2EF031252BD7F60300F597AA /* Debug */ = {
			isa = XCBuildConfiguration;
			buildSettings = {
				ASSETCATALOG_COMPILER_APPICON_NAME = AppIcon;
				ASSETCATALOG_COMPILER_GLOBAL_ACCENT_COLOR_NAME = AccentColor;
				CODE_SIGN_STYLE = Automatic;
				CURRENT_PROJECT_VERSION = 1;
				GENERATE_INFOPLIST_FILE = YES;
				INFOPLIST_FILE = DesafioPremierSoft/Resources/Info.plist;
				INFOPLIST_KEY_UIApplicationSupportsIndirectInputEvents = YES;
				INFOPLIST_KEY_UILaunchStoryboardName = LaunchScreen;
				INFOPLIST_KEY_UIMainStoryboardFile = "";
				INFOPLIST_KEY_UISupportedInterfaceOrientations_iPad = "UIInterfaceOrientationPortrait UIInterfaceOrientationPortraitUpsideDown UIInterfaceOrientationLandscapeLeft UIInterfaceOrientationLandscapeRight";
				INFOPLIST_KEY_UISupportedInterfaceOrientations_iPhone = "UIInterfaceOrientationPortrait UIInterfaceOrientationLandscapeLeft UIInterfaceOrientationLandscapeRight";
				LD_RUNPATH_SEARCH_PATHS = (
					"$(inherited)",
					"@executable_path/Frameworks",
				);
				MARKETING_VERSION = 1.0;
				PRODUCT_BUNDLE_IDENTIFIER = "Otomanim-Dev.DesafioPremierSoft";
				PRODUCT_NAME = "$(TARGET_NAME)";
				SWIFT_EMIT_LOC_STRINGS = YES;
				SWIFT_VERSION = 5.0;
				TARGETED_DEVICE_FAMILY = "1,2";
			};
			name = Debug;
		};
		2EF031262BD7F60300F597AA /* Release */ = {
			isa = XCBuildConfiguration;
			buildSettings = {
				ASSETCATALOG_COMPILER_APPICON_NAME = AppIcon;
				ASSETCATALOG_COMPILER_GLOBAL_ACCENT_COLOR_NAME = AccentColor;
				CODE_SIGN_STYLE = Automatic;
				CURRENT_PROJECT_VERSION = 1;
				GENERATE_INFOPLIST_FILE = YES;
				INFOPLIST_FILE = DesafioPremierSoft/Resources/Info.plist;
				INFOPLIST_KEY_UIApplicationSupportsIndirectInputEvents = YES;
				INFOPLIST_KEY_UILaunchStoryboardName = LaunchScreen;
				INFOPLIST_KEY_UIMainStoryboardFile = "";
				INFOPLIST_KEY_UISupportedInterfaceOrientations_iPad = "UIInterfaceOrientationPortrait UIInterfaceOrientationPortraitUpsideDown UIInterfaceOrientationLandscapeLeft UIInterfaceOrientationLandscapeRight";
				INFOPLIST_KEY_UISupportedInterfaceOrientations_iPhone = "UIInterfaceOrientationPortrait UIInterfaceOrientationLandscapeLeft UIInterfaceOrientationLandscapeRight";
				LD_RUNPATH_SEARCH_PATHS = (
					"$(inherited)",
					"@executable_path/Frameworks",
				);
				MARKETING_VERSION = 1.0;
				PRODUCT_BUNDLE_IDENTIFIER = "Otomanim-Dev.DesafioPremierSoft";
				PRODUCT_NAME = "$(TARGET_NAME)";
				SWIFT_EMIT_LOC_STRINGS = YES;
				SWIFT_VERSION = 5.0;
				TARGETED_DEVICE_FAMILY = "1,2";
			};
			name = Release;
		};
		2EF031282BD7F60300F597AA /* Debug */ = {
			isa = XCBuildConfiguration;
			buildSettings = {
				ALWAYS_EMBED_SWIFT_STANDARD_LIBRARIES = YES;
				BUNDLE_LOADER = "$(TEST_HOST)";
				CODE_SIGN_STYLE = Automatic;
				CURRENT_PROJECT_VERSION = 1;
				GENERATE_INFOPLIST_FILE = YES;
				IPHONEOS_DEPLOYMENT_TARGET = 17.4;
				MARKETING_VERSION = 1.0;
				PRODUCT_BUNDLE_IDENTIFIER = "Otomanim-Dev.DesafioPremierSoftTests";
				PRODUCT_NAME = "$(TARGET_NAME)";
				SWIFT_EMIT_LOC_STRINGS = NO;
				SWIFT_VERSION = 5.0;
				TARGETED_DEVICE_FAMILY = "1,2";
				TEST_HOST = "$(BUILT_PRODUCTS_DIR)/DesafioPremierSoft.app/$(BUNDLE_EXECUTABLE_FOLDER_PATH)/DesafioPremierSoft";
			};
			name = Debug;
		};
		2EF031292BD7F60300F597AA /* Release */ = {
			isa = XCBuildConfiguration;
			buildSettings = {
				ALWAYS_EMBED_SWIFT_STANDARD_LIBRARIES = YES;
				BUNDLE_LOADER = "$(TEST_HOST)";
				CODE_SIGN_STYLE = Automatic;
				CURRENT_PROJECT_VERSION = 1;
				GENERATE_INFOPLIST_FILE = YES;
				IPHONEOS_DEPLOYMENT_TARGET = 17.4;
				MARKETING_VERSION = 1.0;
				PRODUCT_BUNDLE_IDENTIFIER = "Otomanim-Dev.DesafioPremierSoftTests";
				PRODUCT_NAME = "$(TARGET_NAME)";
				SWIFT_EMIT_LOC_STRINGS = NO;
				SWIFT_VERSION = 5.0;
				TARGETED_DEVICE_FAMILY = "1,2";
				TEST_HOST = "$(BUILT_PRODUCTS_DIR)/DesafioPremierSoft.app/$(BUNDLE_EXECUTABLE_FOLDER_PATH)/DesafioPremierSoft";
			};
			name = Release;
		};
		2EF0312B2BD7F60300F597AA /* Debug */ = {
			isa = XCBuildConfiguration;
			buildSettings = {
				ALWAYS_EMBED_SWIFT_STANDARD_LIBRARIES = YES;
				CODE_SIGN_STYLE = Automatic;
				CURRENT_PROJECT_VERSION = 1;
				GENERATE_INFOPLIST_FILE = YES;
				MARKETING_VERSION = 1.0;
				PRODUCT_BUNDLE_IDENTIFIER = "Otomanim-Dev.DesafioPremierSoftUITests";
				PRODUCT_NAME = "$(TARGET_NAME)";
				SWIFT_EMIT_LOC_STRINGS = NO;
				SWIFT_VERSION = 5.0;
				TARGETED_DEVICE_FAMILY = "1,2";
				TEST_TARGET_NAME = DesafioPremierSoft;
			};
			name = Debug;
		};
		2EF0312C2BD7F60300F597AA /* Release */ = {
			isa = XCBuildConfiguration;
			buildSettings = {
				ALWAYS_EMBED_SWIFT_STANDARD_LIBRARIES = YES;
				CODE_SIGN_STYLE = Automatic;
				CURRENT_PROJECT_VERSION = 1;
				GENERATE_INFOPLIST_FILE = YES;
				MARKETING_VERSION = 1.0;
				PRODUCT_BUNDLE_IDENTIFIER = "Otomanim-Dev.DesafioPremierSoftUITests";
				PRODUCT_NAME = "$(TARGET_NAME)";
				SWIFT_EMIT_LOC_STRINGS = NO;
				SWIFT_VERSION = 5.0;
				TARGETED_DEVICE_FAMILY = "1,2";
				TEST_TARGET_NAME = DesafioPremierSoft;
			};
			name = Release;
		};
/* End XCBuildConfiguration section */

/* Begin XCConfigurationList section */
		2EF030F52BD7F60000F597AA /* Build configuration list for PBXProject "DesafioPremierSoft" */ = {
			isa = XCConfigurationList;
			buildConfigurations = (
				2EF031222BD7F60300F597AA /* Debug */,
				2EF031232BD7F60300F597AA /* Release */,
			);
			defaultConfigurationIsVisible = 0;
			defaultConfigurationName = Release;
		};
		2EF031242BD7F60300F597AA /* Build configuration list for PBXNativeTarget "DesafioPremierSoft" */ = {
			isa = XCConfigurationList;
			buildConfigurations = (
				2EF031252BD7F60300F597AA /* Debug */,
				2EF031262BD7F60300F597AA /* Release */,
			);
			defaultConfigurationIsVisible = 0;
			defaultConfigurationName = Release;
		};
		2EF031272BD7F60300F597AA /* Build configuration list for PBXNativeTarget "DesafioPremierSoftTests" */ = {
			isa = XCConfigurationList;
			buildConfigurations = (
				2EF031282BD7F60300F597AA /* Debug */,
				2EF031292BD7F60300F597AA /* Release */,
			);
			defaultConfigurationIsVisible = 0;
			defaultConfigurationName = Release;
		};
		2EF0312A2BD7F60300F597AA /* Build configuration list for PBXNativeTarget "DesafioPremierSoftUITests" */ = {
			isa = XCConfigurationList;
			buildConfigurations = (
				2EF0312B2BD7F60300F597AA /* Debug */,
				2EF0312C2BD7F60300F597AA /* Release */,
			);
			defaultConfigurationIsVisible = 0;
			defaultConfigurationName = Release;
		};
/* End XCConfigurationList section */
	};
	rootObject = 2EF030F22BD7F60000F597AA /* Project object */;
}
